
Microsoft Visual Studio Solution File, Format Version 12.00
# Visual Studio 15
VisualStudioVersion = 15.0.28010.2003
MinimumVisualStudioVersion = 10.0.40219.1
Project("{FAE04EC0-301F-11D3-BF4B-00C04F79EFBC}") = "qa-site", "qa-site\qa-site.csproj", "{46ADE7D5-CC5A-4637-900C-6CAA4745C847}"
EndProject
Global
	GlobalSection(SolutionConfigurationPlatforms) = preSolution
		Debug|Any CPU = Debug|Any CPU
		Release|Any CPU = Release|Any CPU
	EndGlobalSection
	GlobalSection(ProjectConfigurationPlatforms) = postSolution
		{46ADE7D5-CC5A-4637-900C-6CAA4745C847}.Debug|Any CPU.ActiveCfg = Debug|Any CPU
		{46ADE7D5-CC5A-4637-900C-6CAA4745C847}.Debug|Any CPU.Build.0 = Debug|Any CPU
		{46ADE7D5-CC5A-4637-900C-6CAA4745C847}.Release|Any CPU.ActiveCfg = Release|Any CPU
		{46ADE7D5-CC5A-4637-900C-6CAA4745C847}.Release|Any CPU.Build.0 = Release|Any CPU
	EndGlobalSection
	GlobalSection(SolutionProperties) = preSolution
		HideSolutionNode = FALSE
	EndGlobalSection
	GlobalSection(ExtensibilityGlobals) = postSolution
		SolutionGuid = {310B0AB9-DD9F-4A29-951E-79639D7244CE}
	EndGlobalSection
EndGlobal
